
Microsoft Visual Studio Solution File, Format Version 12.00
# Visual Studio Version 17
VisualStudioVersion = 17.1.31911.260
MinimumVisualStudioVersion = 10.0.40219.1
Project("{FAE04EC0-301F-11D3-BF4B-00C04F79EFBC}") = "PartyFoodOrderAPI", "PartyFoodOrderAPI\PartyFoodOrderAPI.csproj", "{B0DC1C15-0113-40B6-BC8A-CFAFD6995EC6}"
EndProject
Global
	GlobalSection(SolutionConfigurationPlatforms) = preSolution
		Debug|Any CPU = Debug|Any CPU
		Release|Any CPU = Release|Any CPU
	EndGlobalSection
	GlobalSection(ProjectConfigurationPlatforms) = postSolution
		{B0DC1C15-0113-40B6-BC8A-CFAFD6995EC6}.Debug|Any CPU.ActiveCfg = Debug|Any CPU
		{B0DC1C15-0113-40B6-BC8A-CFAFD6995EC6}.Debug|Any CPU.Build.0 = Debug|Any CPU
		{B0DC1C15-0113-40B6-BC8A-CFAFD6995EC6}.Release|Any CPU.ActiveCfg = Release|Any CPU
		{B0DC1C15-0113-40B6-BC8A-CFAFD6995EC6}.Release|Any CPU.Build.0 = Release|Any CPU
	EndGlobalSection
	GlobalSection(SolutionProperties) = preSolution
		HideSolutionNode = FALSE
	EndGlobalSection
	GlobalSection(ExtensibilityGlobals) = postSolution
		SolutionGuid = {D4431C8D-B343-4C7D-A6EE-AE8717ED9C55}
	EndGlobalSection
EndGlobal
